
Microsoft Visual Studio Solution File, Format Version 12.00
# Visual Studio Version 17
VisualStudioVersion = 17.0.32014.148
MinimumVisualStudioVersion = 10.0.40219.1
Project("{FAE04EC0-301F-11D3-BF4B-00C04F79EFBC}") = "StockAccountManagement", "StockAccountManagement\StockAccountManagement.csproj", "{24A6DF92-73D5-4E98-9A40-25DB56FD0615}"
EndProject
Global
	GlobalSection(SolutionConfigurationPlatforms) = preSolution
		Debug|Any CPU = Debug|Any CPU
		Release|Any CPU = Release|Any CPU
	EndGlobalSection
	GlobalSection(ProjectConfigurationPlatforms) = postSolution
		{24A6DF92-73D5-4E98-9A40-25DB56FD0615}.Debug|Any CPU.ActiveCfg = Debug|Any CPU
		{24A6DF92-73D5-4E98-9A40-25DB56FD0615}.Debug|Any CPU.Build.0 = Debug|Any CPU
		{24A6DF92-73D5-4E98-9A40-25DB56FD0615}.Release|Any CPU.ActiveCfg = Release|Any CPU
		{24A6DF92-73D5-4E98-9A40-25DB56FD0615}.Release|Any CPU.Build.0 = Release|Any CPU
	EndGlobalSection
	GlobalSection(SolutionProperties) = preSolution
		HideSolutionNode = FALSE
	EndGlobalSection
	GlobalSection(ExtensibilityGlobals) = postSolution
		SolutionGuid = {ABAF1550-F6C8-4D79-A55E-5A5556E122DE}
	EndGlobalSection
EndGlobal
